
Microsoft Visual Studio Solution File, Format Version 12.00
# Visual Studio Version 17
VisualStudioVersion = 17.3.32819.101
MinimumVisualStudioVersion = 10.0.40219.1
Project("{FAE04EC0-301F-11D3-BF4B-00C04F79EFBC}") = "Bai1_NhapXuat", "Bai1_NhapXuat\Bai1_NhapXuat.csproj", "{64AE385C-C50D-41DA-BE01-8252B8A52998}"
EndProject
Project("{FAE04EC0-301F-11D3-BF4B-00C04F79EFBC}") = "Bai2_CauDieuKien_VongLap", "Bai2_CauDieuKien_VongLap\Bai2_CauDieuKien_VongLap.csproj", "{12B18879-CCEB-4434-A476-923831A71095}"
EndProject
Project("{FAE04EC0-301F-11D3-BF4B-00C04F79EFBC}") = "Ham_PhuongThuc", "Ham_PhuongThuc\Ham_PhuongThuc.csproj", "{903E6083-C23E-4337-8C6F-C5A643313719}"
EndProject
Project("{9A19103F-16F7-4668-BE54-9A1E7A4F7556}") = "OOP", "OOP\OOP.csproj", "{11AB9DF8-BA8B-4811-868D-ED2186508965}"
EndProject
Project("{9A19103F-16F7-4668-BE54-9A1E7A4F7556}") = "OOP_4_Tinhchat", "OOP_4_Tinhchat\OOP_4_Tinhchat.csproj", "{D7C6D7D9-9884-4F96-8A0C-7B8264C1599C}"
EndProject
Project("{FAE04EC0-301F-11D3-BF4B-00C04F79EFBC}") = "QuanLySinhVien", "QuanLySinhVien\QuanLySinhVien.csproj", "{8B513D8E-AE9A-4DED-AAD1-AC5D775B6E9B}"
EndProject
Global
	GlobalSection(SolutionConfigurationPlatforms) = preSolution
		Debug|Any CPU = Debug|Any CPU
		Release|Any CPU = Release|Any CPU
	EndGlobalSection
	GlobalSection(ProjectConfigurationPlatforms) = postSolution
		{64AE385C-C50D-41DA-BE01-8252B8A52998}.Debug|Any CPU.ActiveCfg = Debug|Any CPU
		{64AE385C-C50D-41DA-BE01-8252B8A52998}.Debug|Any CPU.Build.0 = Debug|Any CPU
		{64AE385C-C50D-41DA-BE01-8252B8A52998}.Release|Any CPU.ActiveCfg = Release|Any CPU
		{64AE385C-C50D-41DA-BE01-8252B8A52998}.Release|Any CPU.Build.0 = Release|Any CPU
		{12B18879-CCEB-4434-A476-923831A71095}.Debug|Any CPU.ActiveCfg = Debug|Any CPU
		{12B18879-CCEB-4434-A476-923831A71095}.Debug|Any CPU.Build.0 = Debug|Any CPU
		{12B18879-CCEB-4434-A476-923831A71095}.Release|Any CPU.ActiveCfg = Release|Any CPU
		{12B18879-CCEB-4434-A476-923831A71095}.Release|Any CPU.Build.0 = Release|Any CPU
		{903E6083-C23E-4337-8C6F-C5A643313719}.Debug|Any CPU.ActiveCfg = Debug|Any CPU
		{903E6083-C23E-4337-8C6F-C5A643313719}.Debug|Any CPU.Build.0 = Debug|Any CPU
		{903E6083-C23E-4337-8C6F-C5A643313719}.Release|Any CPU.ActiveCfg = Release|Any CPU
		{903E6083-C23E-4337-8C6F-C5A643313719}.Release|Any CPU.Build.0 = Release|Any CPU
		{11AB9DF8-BA8B-4811-868D-ED2186508965}.Debug|Any CPU.ActiveCfg = Debug|Any CPU
		{11AB9DF8-BA8B-4811-868D-ED2186508965}.Debug|Any CPU.Build.0 = Debug|Any CPU
		{11AB9DF8-BA8B-4811-868D-ED2186508965}.Release|Any CPU.ActiveCfg = Release|Any CPU
		{11AB9DF8-BA8B-4811-868D-ED2186508965}.Release|Any CPU.Build.0 = Release|Any CPU
		{D7C6D7D9-9884-4F96-8A0C-7B8264C1599C}.Debug|Any CPU.ActiveCfg = Debug|Any CPU
		{D7C6D7D9-9884-4F96-8A0C-7B8264C1599C}.Debug|Any CPU.Build.0 = Debug|Any CPU
		{D7C6D7D9-9884-4F96-8A0C-7B8264C1599C}.Release|Any CPU.ActiveCfg = Release|Any CPU
		{D7C6D7D9-9884-4F96-8A0C-7B8264C1599C}.Release|Any CPU.Build.0 = Release|Any CPU
		{8B513D8E-AE9A-4DED-AAD1-AC5D775B6E9B}.Debug|Any CPU.ActiveCfg = Debug|Any CPU
		{8B513D8E-AE9A-4DED-AAD1-AC5D775B6E9B}.Debug|Any CPU.Build.0 = Debug|Any CPU
		{8B513D8E-AE9A-4DED-AAD1-AC5D775B6E9B}.Release|Any CPU.ActiveCfg = Release|Any CPU
		{8B513D8E-AE9A-4DED-AAD1-AC5D775B6E9B}.Release|Any CPU.Build.0 = Release|Any CPU
	EndGlobalSection
	GlobalSection(SolutionProperties) = preSolution
		HideSolutionNode = FALSE
	EndGlobalSection
	GlobalSection(ExtensibilityGlobals) = postSolution
		SolutionGuid = {12215370-B067-48C9-95B6-E52A3FF296D3}
	EndGlobalSection
EndGlobal
